
Microsoft Visual Studio Solution File, Format Version 12.00
# Visual Studio Version 17
VisualStudioVersion = 17.6.33801.468
MinimumVisualStudioVersion = 10.0.40219.1
Project("{FAE04EC0-301F-11D3-BF4B-00C04F79EFBC}") = "TODO-LIST", "TODO-LIST.csproj", "{DC52CF34-76E1-4C54-BBFD-D7CFD47FAAD8}"
EndProject
Global
	GlobalSection(SolutionConfigurationPlatforms) = preSolution
		Debug|Any CPU = Debug|Any CPU
		Release|Any CPU = Release|Any CPU
	EndGlobalSection
	GlobalSection(ProjectConfigurationPlatforms) = postSolution
		{DC52CF34-76E1-4C54-BBFD-D7CFD47FAAD8}.Debug|Any CPU.ActiveCfg = Debug|Any CPU
		{DC52CF34-76E1-4C54-BBFD-D7CFD47FAAD8}.Debug|Any CPU.Build.0 = Debug|Any CPU
		{DC52CF34-76E1-4C54-BBFD-D7CFD47FAAD8}.Release|Any CPU.ActiveCfg = Release|Any CPU
		{DC52CF34-76E1-4C54-BBFD-D7CFD47FAAD8}.Release|Any CPU.Build.0 = Release|Any CPU
	EndGlobalSection
	GlobalSection(SolutionProperties) = preSolution
		HideSolutionNode = FALSE
	EndGlobalSection
	GlobalSection(ExtensibilityGlobals) = postSolution
		SolutionGuid = {CBCF87B9-9C66-4C96-9395-C094FB342DBD}
	EndGlobalSection
EndGlobal
